// !$*UTF8*$!
{
	archiveVersion = 1;
	classes = {
	};
	objectVersion = 50;
	objects = {

/* Begin PBXBuildFile section */
		F6240B5320C2821A003756FF /* Utils.m in Sources */ = {isa = PBXBuildFile; fileRef = F62CAB7520C202E800DB3354 /* Utils.m */; };
		F6240B5420C2821A003756FF /* AwakeUtils.c in Sources */ = {isa = PBXBuildFile; fileRef = F6F5E88420C2051A00CB4FF2 /* AwakeUtils.c */; };
		F6240B5520C2821A003756FF /* NativeApplication.m in Sources */ = {isa = PBXBuildFile; fileRef = F6F5E88520C2051A00CB4FF2 /* NativeApplication.m */; };
		F6452AA320C3EFD700A2EFF6 /* Utils.h in Headers */ = {isa = PBXBuildFile; fileRef = F62CAB7420C202E800DB3354 /* Utils.h */; };
		F6452AA920C4050200A2EFF6 /* de_tobias_utils_util_mac_NativeApplication.h in Headers */ = {isa = PBXBuildFile; fileRef = F6452AA620C4050100A2EFF6 /* de_tobias_utils_util_mac_NativeApplication.h */; };
		F6452AAA20C4050200A2EFF6 /* de_tobias_utils_util_SystemUtils.h in Headers */ = {isa = PBXBuildFile; fileRef = F6452AA720C4050100A2EFF6 /* de_tobias_utils_util_SystemUtils.h */; };
		F6452AAB20C4050200A2EFF6 /* de_tobias_utils_util_mac_AwakeUtils.h in Headers */ = {isa = PBXBuildFile; fileRef = F6452AA820C4050100A2EFF6 /* de_tobias_utils_util_mac_AwakeUtils.h */; };
/* End PBXBuildFile section */

/* Begin PBXFileReference section */
		F62CAB6020C1E54600DB3354 /* classfile_constants.h */ = {isa = PBXFileReference; lastKnownFileType = sourcecode.c.h; path = classfile_constants.h; sourceTree = "<group>"; };
		F62CAB6120C1E54600DB3354 /* jvmti.h */ = {isa = PBXFileReference; lastKnownFileType = sourcecode.c.h; path = jvmti.h; sourceTree = "<group>"; };
		F62CAB6220C1E54600DB3354 /* jvmticmlr.h */ = {isa = PBXFileReference; lastKnownFileType = sourcecode.c.h; path = jvmticmlr.h; sourceTree = "<group>"; };
		F62CAB6320C1E54600DB3354 /* jni.h */ = {isa = PBXFileReference; lastKnownFileType = sourcecode.c.h; path = jni.h; sourceTree = "<group>"; };
		F62CAB6420C1E54700DB3354 /* jawt.h */ = {isa = PBXFileReference; lastKnownFileType = sourcecode.c.h; path = jawt.h; sourceTree = "<group>"; };
		F62CAB6520C1E54700DB3354 /* jdwpTransport.h */ = {isa = PBXFileReference; lastKnownFileType = sourcecode.c.h; path = jdwpTransport.h; sourceTree = "<group>"; };
		F62CAB6720C1E54C00DB3354 /* jni_md.h */ = {isa = PBXFileReference; lastKnownFileType = sourcecode.c.h; path = jni_md.h; sourceTree = "<group>"; };
		F62CAB6820C1E54C00DB3354 /* jawt_md.h */ = {isa = PBXFileReference; lastKnownFileType = sourcecode.c.h; path = jawt_md.h; sourceTree = "<group>"; };
		F62CAB7020C1E5E800DB3354 /* IOKit.framework */ = {isa = PBXFileReference; lastKnownFileType = wrapper.framework; name = IOKit.framework; path = System/Library/Frameworks/IOKit.framework; sourceTree = SDKROOT; };
		F62CAB7420C202E800DB3354 /* Utils.h */ = {isa = PBXFileReference; fileEncoding = 4; lastKnownFileType = sourcecode.c.h; path = Utils.h; sourceTree = "<group>"; };
		F62CAB7520C202E800DB3354 /* Utils.m */ = {isa = PBXFileReference; fileEncoding = 4; lastKnownFileType = sourcecode.c.objc; path = Utils.m; sourceTree = "<group>"; };
		F62CAB7720C203DA00DB3354 /* AppKit.framework */ = {isa = PBXFileReference; lastKnownFileType = wrapper.framework; name = AppKit.framework; path = System/Library/Frameworks/AppKit.framework; sourceTree = SDKROOT; };
		F6452AA620C4050100A2EFF6 /* de_tobias_utils_util_mac_NativeApplication.h */ = {isa = PBXFileReference; fileEncoding = 4; lastKnownFileType = sourcecode.c.h; name = de_tobias_utils_util_mac_NativeApplication.h; path = ../../../libUtils/target/jni/libUtils/include/de_tobias_utils_util_mac_NativeApplication.h; sourceTree = "<group>"; };
		F6452AA720C4050100A2EFF6 /* de_tobias_utils_util_SystemUtils.h */ = {isa = PBXFileReference; fileEncoding = 4; lastKnownFileType = sourcecode.c.h; name = de_tobias_utils_util_SystemUtils.h; path = ../../../libUtils/target/jni/libUtils/include/de_tobias_utils_util_SystemUtils.h; sourceTree = "<group>"; };
		F6452AA820C4050100A2EFF6 /* de_tobias_utils_util_mac_AwakeUtils.h */ = {isa = PBXFileReference; fileEncoding = 4; lastKnownFileType = sourcecode.c.h; name = de_tobias_utils_util_mac_AwakeUtils.h; path = ../../../libUtils/target/jni/libUtils/include/de_tobias_utils_util_mac_AwakeUtils.h; sourceTree = "<group>"; };
		F6F5E86F20C2050800CB4FF2 /* libUtils.h */ = {isa = PBXFileReference; lastKnownFileType = sourcecode.c.h; path = libUtils.h; sourceTree = "<group>"; };
		F6F5E88420C2051A00CB4FF2 /* AwakeUtils.c */ = {isa = PBXFileReference; lastKnownFileType = sourcecode.c.c; path = AwakeUtils.c; sourceTree = "<group>"; };
		F6F5E88520C2051A00CB4FF2 /* NativeApplication.m */ = {isa = PBXFileReference; lastKnownFileType = sourcecode.c.objc; path = NativeApplication.m; sourceTree = "<group>"; };
		F6F5E89120C2057200CB4FF2 /* libUtilsNative.dylib */ = {isa = PBXFileReference; explicitFileType = "compiled.mach-o.dylib"; includeInIndex = 0; path = libUtilsNative.dylib; sourceTree = BUILT_PRODUCTS_DIR; };
/* End PBXFileReference section */

/* Begin PBXFrameworksBuildPhase section */
		F6F5E88E20C2057200CB4FF2 /* Frameworks */ = {
			isa = PBXFrameworksBuildPhase;
			buildActionMask = 2147483647;
			files = (
			);
			runOnlyForDeploymentPostprocessing = 0;
		};
/* End PBXFrameworksBuildPhase section */

/* Begin PBXGroup section */
		F62CAB4A20C1E4E000DB3354 = {
			isa = PBXGroup;
			children = (
				F62CAB5520C1E4E000DB3354 /* libUtilsNative */,
				F62CAB5420C1E4E000DB3354 /* Products */,
				F62CAB6F20C1E5E800DB3354 /* Frameworks */,
			);
			sourceTree = "<group>";
		};
		F62CAB5420C1E4E000DB3354 /* Products */ = {
			isa = PBXGroup;
			children = (
				F6F5E89120C2057200CB4FF2 /* libUtilsNative.dylib */,
			);
			name = Products;
			sourceTree = "<group>";
		};
		F62CAB5520C1E4E000DB3354 /* libUtilsNative */ = {
			isa = PBXGroup;
			children = (
				F6452AA820C4050100A2EFF6 /* de_tobias_utils_util_mac_AwakeUtils.h */,
				F6452AA620C4050100A2EFF6 /* de_tobias_utils_util_mac_NativeApplication.h */,
				F6452AA720C4050100A2EFF6 /* de_tobias_utils_util_SystemUtils.h */,
				F62CAB7420C202E800DB3354 /* Utils.h */,
				F62CAB7520C202E800DB3354 /* Utils.m */,
				F6F5E88420C2051A00CB4FF2 /* AwakeUtils.c */,
				F6F5E88520C2051A00CB4FF2 /* NativeApplication.m */,
				F62CAB5F20C1E53E00DB3354 /* jni */,
				F6F5E86F20C2050800CB4FF2 /* libUtils.h */,
			);
			path = libUtilsNative;
			sourceTree = "<group>";
		};
		F62CAB5F20C1E53E00DB3354 /* jni */ = {
			isa = PBXGroup;
			children = (
				F62CAB6620C1E54C00DB3354 /* darwin */,
				F62CAB6020C1E54600DB3354 /* classfile_constants.h */,
				F62CAB6420C1E54700DB3354 /* jawt.h */,
				F62CAB6520C1E54700DB3354 /* jdwpTransport.h */,
				F62CAB6320C1E54600DB3354 /* jni.h */,
				F62CAB6120C1E54600DB3354 /* jvmti.h */,
				F62CAB6220C1E54600DB3354 /* jvmticmlr.h */,
			);
			path = jni;
			sourceTree = "<group>";
		};
		F62CAB6620C1E54C00DB3354 /* darwin */ = {
			isa = PBXGroup;
			children = (
				F62CAB6720C1E54C00DB3354 /* jni_md.h */,
				F62CAB6820C1E54C00DB3354 /* jawt_md.h */,
			);
			path = darwin;
			sourceTree = "<group>";
		};
		F62CAB6F20C1E5E800DB3354 /* Frameworks */ = {
			isa = PBXGroup;
			children = (
				F62CAB7720C203DA00DB3354 /* AppKit.framework */,
				F62CAB7020C1E5E800DB3354 /* IOKit.framework */,
			);
			name = Frameworks;
			sourceTree = "<group>";
		};
/* End PBXGroup section */

/* Begin PBXHeadersBuildPhase section */
		F6F5E88F20C2057200CB4FF2 /* Headers */ = {
			isa = PBXHeadersBuildPhase;
			buildActionMask = 2147483647;
			files = (
				F6452AA320C3EFD700A2EFF6 /* Utils.h in Headers */,
				F6452AAA20C4050200A2EFF6 /* de_tobias_utils_util_SystemUtils.h in Headers */,
				F6452AA920C4050200A2EFF6 /* de_tobias_utils_util_mac_NativeApplication.h in Headers */,
				F6452AAB20C4050200A2EFF6 /* de_tobias_utils_util_mac_AwakeUtils.h in Headers */,
			);
			runOnlyForDeploymentPostprocessing = 0;
		};
/* End PBXHeadersBuildPhase section */

/* Begin PBXNativeTarget section */
		F6F5E89020C2057200CB4FF2 /* libUtilsNative */ = {
			isa = PBXNativeTarget;
			buildConfigurationList = F6F5E89720C2057200CB4FF2 /* Build configuration list for PBXNativeTarget "libUtilsNative" */;
			buildPhases = (
				F6F5E88D20C2057200CB4FF2 /* Sources */,
				F6F5E88E20C2057200CB4FF2 /* Frameworks */,
				F6F5E88F20C2057200CB4FF2 /* Headers */,
			);
			buildRules = (
			);
			dependencies = (
			);
			name = libUtilsNative;
			productName = libUtilsNative;
			productReference = F6F5E89120C2057200CB4FF2 /* libUtilsNative.dylib */;
			productType = "com.apple.product-type.library.dynamic";
		};
/* End PBXNativeTarget section */

/* Begin PBXProject section */
		F62CAB4B20C1E4E000DB3354 /* Project object */ = {
			isa = PBXProject;
			attributes = {
				LastUpgradeCheck = 0940;
				ORGANIZATIONNAME = Tobias;
				TargetAttributes = {
					F6F5E89020C2057200CB4FF2 = {
						CreatedOnToolsVersion = 9.4;
					};
				};
			};
			buildConfigurationList = F62CAB4E20C1E4E000DB3354 /* Build configuration list for PBXProject "libUtilsNative" */;
			compatibilityVersion = "Xcode 9.3";
			developmentRegion = en;
			hasScannedForEncodings = 0;
			knownRegions = (
				en,
			);
			mainGroup = F62CAB4A20C1E4E000DB3354;
			productRefGroup = F62CAB5420C1E4E000DB3354 /* Products */;
			projectDirPath = "";
			projectRoot = "";
			targets = (
				F6F5E89020C2057200CB4FF2 /* libUtilsNative */,
			);
		};
/* End PBXProject section */

/* Begin PBXSourcesBuildPhase section */
		F6F5E88D20C2057200CB4FF2 /* Sources */ = {
			isa = PBXSourcesBuildPhase;
			buildActionMask = 2147483647;
			files = (
				F6240B5320C2821A003756FF /* Utils.m in Sources */,
				F6240B5420C2821A003756FF /* AwakeUtils.c in Sources */,
				F6240B5520C2821A003756FF /* NativeApplication.m in Sources */,
			);
			runOnlyForDeploymentPostprocessing = 0;
		};
/* End PBXSourcesBuildPhase section */

/* Begin XCBuildConfiguration section */
		F62CAB5A20C1E4E000DB3354 /* Debug */ = {
			isa = XCBuildConfiguration;
			buildSettings = {
				ALWAYS_SEARCH_USER_PATHS = NO;
				CLANG_ANALYZER_NONNULL = YES;
				CLANG_ANALYZER_NUMBER_OBJECT_CONVERSION = YES_AGGRESSIVE;
				CLANG_CXX_LANGUAGE_STANDARD = "gnu++14";
				CLANG_CXX_LIBRARY = "libc++";
				CLANG_ENABLE_MODULES = YES;
				CLANG_ENABLE_OBJC_ARC = YES;
				CLANG_ENABLE_OBJC_WEAK = YES;
				CLANG_WARN_BLOCK_CAPTURE_AUTORELEASING = YES;
				CLANG_WARN_BOOL_CONVERSION = YES;
				CLANG_WARN_COMMA = YES;
				CLANG_WARN_CONSTANT_CONVERSION = YES;
				CLANG_WARN_DEPRECATED_OBJC_IMPLEMENTATIONS = YES;
				CLANG_WARN_DIRECT_OBJC_ISA_USAGE = YES_ERROR;
				CLANG_WARN_DOCUMENTATION_COMMENTS = YES;
				CLANG_WARN_EMPTY_BODY = YES;
				CLANG_WARN_ENUM_CONVERSION = YES;
				CLANG_WARN_INFINITE_RECURSION = YES;
				CLANG_WARN_INT_CONVERSION = YES;
				CLANG_WARN_NON_LITERAL_NULL_CONVERSION = YES;
				CLANG_WARN_OBJC_IMPLICIT_RETAIN_SELF = YES;
				CLANG_WARN_OBJC_LITERAL_CONVERSION = YES;
				CLANG_WARN_OBJC_ROOT_CLASS = YES_ERROR;
				CLANG_WARN_RANGE_LOOP_ANALYSIS = YES;
				CLANG_WARN_STRICT_PROTOTYPES = YES;
				CLANG_WARN_SUSPICIOUS_MOVE = YES;
				CLANG_WARN_UNGUARDED_AVAILABILITY = YES_AGGRESSIVE;
				CLANG_WARN_UNREACHABLE_CODE = YES;
				CLANG_WARN__DUPLICATE_METHOD_MATCH = YES;
				CODE_SIGN_IDENTITY = "iPhone Developer";
				COPY_PHASE_STRIP = NO;
				DEBUG_INFORMATION_FORMAT = dwarf;
				ENABLE_STRICT_OBJC_MSGSEND = YES;
				ENABLE_TESTABILITY = YES;
				GCC_C_LANGUAGE_STANDARD = gnu11;
				GCC_DYNAMIC_NO_PIC = NO;
				GCC_NO_COMMON_BLOCKS = YES;
				GCC_OPTIMIZATION_LEVEL = 0;
				GCC_PREPROCESSOR_DEFINITIONS = (
					"DEBUG=1",
					"$(inherited)",
				);
				GCC_WARN_64_TO_32_BIT_CONVERSION = YES;
				GCC_WARN_ABOUT_RETURN_TYPE = YES_ERROR;
				GCC_WARN_UNDECLARED_SELECTOR = YES;
				GCC_WARN_UNINITIALIZED_AUTOS = YES_AGGRESSIVE;
				GCC_WARN_UNUSED_FUNCTION = YES;
				GCC_WARN_UNUSED_VARIABLE = YES;
				IPHONEOS_DEPLOYMENT_TARGET = 11.4;
				MTL_ENABLE_DEBUG_INFO = YES;
				ONLY_ACTIVE_ARCH = YES;
				SDKROOT = macosx10.13;
			};
			name = Debug;
		};
		F62CAB5B20C1E4E000DB3354 /* Release */ = {
			isa = XCBuildConfiguration;
			buildSettings = {
				ALWAYS_SEARCH_USER_PATHS = NO;
				CLANG_ANALYZER_NONNULL = YES;
				CLANG_ANALYZER_NUMBER_OBJECT_CONVERSION = YES_AGGRESSIVE;
				CLANG_CXX_LANGUAGE_STANDARD = "gnu++14";
				CLANG_CXX_LIBRARY = "libc++";
				CLANG_ENABLE_MODULES = YES;
				CLANG_ENABLE_OBJC_ARC = YES;
				CLANG_ENABLE_OBJC_WEAK = YES;
				CLANG_WARN_BLOCK_CAPTURE_AUTORELEASING = YES;
				CLANG_WARN_BOOL_CONVERSION = YES;
				CLANG_WARN_COMMA = YES;
				CLANG_WARN_CONSTANT_CONVERSION = YES;
				CLANG_WARN_DEPRECATED_OBJC_IMPLEMENTATIONS = YES;
				CLANG_WARN_DIRECT_OBJC_ISA_USAGE = YES_ERROR;
				CLANG_WARN_DOCUMENTATION_COMMENTS = YES;
				CLANG_WARN_EMPTY_BODY = YES;
				CLANG_WARN_ENUM_CONVERSION = YES;
				CLANG_WARN_INFINITE_RECURSION = YES;
				CLANG_WARN_INT_CONVERSION = YES;
				CLANG_WARN_NON_LITERAL_NULL_CONVERSION = YES;
				CLANG_WARN_OBJC_IMPLICIT_RETAIN_SELF = YES;
				CLANG_WARN_OBJC_LITERAL_CONVERSION = YES;
				CLANG_WARN_OBJC_ROOT_CLASS = YES_ERROR;
				CLANG_WARN_RANGE_LOOP_ANALYSIS = YES;
				CLANG_WARN_STRICT_PROTOTYPES = YES;
				CLANG_WARN_SUSPICIOUS_MOVE = YES;
				CLANG_WARN_UNGUARDED_AVAILABILITY = YES_AGGRESSIVE;
				CLANG_WARN_UNREACHABLE_CODE = YES;
				CLANG_WARN__DUPLICATE_METHOD_MATCH = YES;
				CODE_SIGN_IDENTITY = "iPhone Developer";
				COPY_PHASE_STRIP = NO;
				DEBUG_INFORMATION_FORMAT = "dwarf-with-dsym";
				ENABLE_NS_ASSERTIONS = NO;
				ENABLE_STRICT_OBJC_MSGSEND = YES;
				GCC_C_LANGUAGE_STANDARD = gnu11;
				GCC_NO_COMMON_BLOCKS = YES;
				GCC_WARN_64_TO_32_BIT_CONVERSION = YES;
				GCC_WARN_ABOUT_RETURN_TYPE = YES_ERROR;
				GCC_WARN_UNDECLARED_SELECTOR = YES;
				GCC_WARN_UNINITIALIZED_AUTOS = YES_AGGRESSIVE;
				GCC_WARN_UNUSED_FUNCTION = YES;
				GCC_WARN_UNUSED_VARIABLE = YES;
				IPHONEOS_DEPLOYMENT_TARGET = 11.4;
				MTL_ENABLE_DEBUG_INFO = NO;
				SDKROOT = macosx10.13;
				VALIDATE_PRODUCT = YES;
			};
			name = Release;
		};
		F6F5E89820C2057200CB4FF2 /* Debug */ = {
			isa = XCBuildConfiguration;
			buildSettings = {
				CODE_SIGN_IDENTITY = "Mac Developer";
				CODE_SIGN_STYLE = Automatic;
				DEVELOPMENT_TEAM = GSS77QYM85;
				DYLIB_COMPATIBILITY_VERSION = 1;
				DYLIB_CURRENT_VERSION = 1;
				EXECUTABLE_PREFIX = "";
				HEADER_SEARCH_PATHS = "$(PROJECT)/jni";
				MACOSX_DEPLOYMENT_TARGET = 10.13;
				PRODUCT_NAME = "$(TARGET_NAME)";
				PROVISIONING_PROFILE_SPECIFIER = "";
				SDKROOT = macosx;
				SKIP_INSTALL = YES;
			};
			name = Debug;
		};
		F6F5E89920C2057200CB4FF2 /* Release */ = {
			isa = XCBuildConfiguration;
			buildSettings = {
				CODE_SIGN_IDENTITY = "Mac Developer";
				CODE_SIGN_STYLE = Automatic;
				DEVELOPMENT_TEAM = GSS77QYM85;
				DYLIB_COMPATIBILITY_VERSION = 1;
				DYLIB_CURRENT_VERSION = 1;
				EXECUTABLE_PREFIX = "";
				HEADER_SEARCH_PATHS = "$(PROJECT)/jni";
				MACOSX_DEPLOYMENT_TARGET = 10.13;
				PRODUCT_NAME = "$(TARGET_NAME)";
				PROVISIONING_PROFILE_SPECIFIER = "";
				SDKROOT = macosx;
				SKIP_INSTALL = YES;
			};
			name = Release;
		};
/* End XCBuildConfiguration section */

/* Begin XCConfigurationList section */
		F62CAB4E20C1E4E000DB3354 /* Build configuration list for PBXProject "libUtilsNative" */ = {
			isa = XCConfigurationList;
			buildConfigurations = (
				F62CAB5A20C1E4E000DB3354 /* Debug */,
				F62CAB5B20C1E4E000DB3354 /* Release */,
			);
			defaultConfigurationIsVisible = 0;
			defaultConfigurationName = Release;
		};
		F6F5E89720C2057200CB4FF2 /* Build configuration list for PBXNativeTarget "libUtilsNative" */ = {
			isa = XCConfigurationList;
			buildConfigurations = (
				F6F5E89820C2057200CB4FF2 /* Debug */,
				F6F5E89920C2057200CB4FF2 /* Release */,
			);
			defaultConfigurationIsVisible = 0;
			defaultConfigurationName = Release;
		};
/* End XCConfigurationList section */
	};
	rootObject = F62CAB4B20C1E4E000DB3354 /* Project object */;
}
